
Microsoft Visual Studio Solution File, Format Version 12.00
# Visual Studio 15
Project("{FAE04EC0-301F-11D3-BF4B-00C04F79EFBC}") = "Assembly-CSharp", "Assembly-CSharp.csproj", "{FB41AE8D-5830-8060-4D38-F94F4AA2785A}"
EndProject
Global
	GlobalSection(SolutionConfigurationPlatforms) = preSolution
		Debug|Any CPU = Debug|Any CPU
		Release|Any CPU = Release|Any CPU
	EndGlobalSection
	GlobalSection(ProjectConfigurationPlatforms) = postSolution
		{FB41AE8D-5830-8060-4D38-F94F4AA2785A}.Debug|Any CPU.ActiveCfg = Debug|Any CPU
		{FB41AE8D-5830-8060-4D38-F94F4AA2785A}.Debug|Any CPU.Build.0 = Debug|Any CPU
		{FB41AE8D-5830-8060-4D38-F94F4AA2785A}.Release|Any CPU.ActiveCfg = Release|Any CPU
		{FB41AE8D-5830-8060-4D38-F94F4AA2785A}.Release|Any CPU.Build.0 = Release|Any CPU
	EndGlobalSection
	GlobalSection(SolutionProperties) = preSolution
		HideSolutionNode = FALSE
	EndGlobalSection
EndGlobal
